PODS:
  - ConsentViewController (7.3.1):
    - Down (~> 0.11.0)
  - Down (0.11.0)
  - IQKeyboardManagerSwift (6.5.12)
  - JSONView (0.0.3)
  - Nimble (12.2.0)
  - Quick (7.2.0)
  - SwiftLint (0.52.4)
  - Wormholy (1.7.0)

DEPENDENCIES:
  - ConsentViewController (from `../`)
  - IQKeyboardManagerSwift
  - JSONView
  - Nimble
  - Quick
  - SwiftLint
  - Wormholy

SPEC REPOS:
  trunk:
    - Down
    - IQKeyboardManagerSwift
    - JSONView
    - Nimble
    - Quick
    - SwiftLint
    - Wormholy

EXTERNAL SOURCES:
  ConsentViewController:
    :path: "../"

SPEC CHECKSUMS:
  ConsentViewController: e675e46d7d4ba0e6983194cb0e8db61350eb82c2
  Down: b6ba1bc985c9d2f4e15e3b293d2207766fa12612
  IQKeyboardManagerSwift: 371b08cb39664fb56030f5345c815a4ffc74bbc0
  JSONView: ba9049102fae7ad70de40234d0b7c60986e61e4c
  Nimble: d67da24eb9da4227b2dbbf4eb49cc29073c9066b
  Quick: 73ac215f23a6a0eaa59f4ee142802b3f4dba86bb
  SwiftLint: 1cc5cd61ba9bacb2194e340aeb47a2a37fda00b3
  Wormholy: ab1c8c2f02f58587a0941deb0088555ffbf039a1

PODFILE CHECKSUM: c35306cef6e15c262f48591716a51cfea3175b37

COCOAPODS: 1.12.1
